
Microsoft Visual Studio Solution File, Format Version 12.00
# Visual Studio 2012
Project("{8BC9CEB8-8B4A-11D0-8D11-00A0C91BC942}") = "libcocos2d", "cocos2dx\proj.wp8\libcocos2d.vcxproj", "{22D061B7-7D0E-4F80-93CF-50F57D5A42F6}"
EndProject
Project("{8BC9CEB8-8B4A-11D0-8D11-00A0C91BC942}") = "gl2dxphone", "cocos2dx\platform\third_party\winrt\gl2dx\gl2dx\gl2dxphone.vcxproj", "{17A91160-0BC8-4787-8026-3D86B8240A21}"
EndProject
Project("{8BC9CEB8-8B4A-11D0-8D11-00A0C91BC942}") = "libBox2D", "external\Box2D\proj.wp8\Box2D.vcxproj", "{79FC91D4-974C-4BC7-8E8C-79E194437DE7}"
EndProject
Project("{8BC9CEB8-8B4A-11D0-8D11-00A0C91BC942}") = "libchipmunk", "external\chipmunk\proj.wp8\chipmunk.vcxproj", "{3AD76EA1-D698-40D2-B04D-D9AB8171F40B}"
EndProject
Project("{8BC9CEB8-8B4A-11D0-8D11-00A0C91BC942}") = "libExtensions", "extensions\proj.wp8\libExtensions.vcxproj", "{A5CE59F9-2785-4E08-BD3C-0F370EECA439}"
	ProjectSection(ProjectDependencies) = postProject
		{22D061B7-7D0E-4F80-93CF-50F57D5A42F6} = {22D061B7-7D0E-4F80-93CF-50F57D5A42F6}
	EndProjectSection
EndProject
Project("{2150E333-8FDC-42A3-9474-1A3956D46DE8}") = "project-common", "project-common", "{9DDB9F57-4007-4C60-B463-4EFC4C60F0FF}"
EndProject
Project("{2150E333-8FDC-42A3-9474-1A3956D46DE8}") = "project-cpp", "project-cpp", "{D2A69AE8-35C6-4F2E-B67C-F59260602C88}"
EndProject
Project("{8BC9CEB8-8B4A-11D0-8D11-00A0C91BC942}") = "HelloCpp", "samples\Cpp\HelloCpp\proj.wp8\HelloCpp.vcxproj", "{2AC777CA-2D3B-41C8-98AC-B6ED1A4B0988}"
EndProject
Global
	GlobalSection(SolutionConfigurationPlatforms) = preSolution
		Debug|ARM = Debug|ARM
		Debug|Win32 = Debug|Win32
		Debug|x64 = Debug|x64
		Release|ARM = Release|ARM
		Release|Win32 = Release|Win32
		Release|x64 = Release|x64
	EndGlobalSection
	GlobalSection(ProjectConfigurationPlatforms) = postSolution
		{22D061B7-7D0E-4F80-93CF-50F57D5A42F6}.Debug|ARM.ActiveCfg = Debug|ARM
		{22D061B7-7D0E-4F80-93CF-50F57D5A42F6}.Debug|ARM.Build.0 = Debug|ARM
		{22D061B7-7D0E-4F80-93CF-50F57D5A42F6}.Debug|Win32.ActiveCfg = Debug|Win32
		{22D061B7-7D0E-4F80-93CF-50F57D5A42F6}.Debug|Win32.Build.0 = Debug|Win32
		{22D061B7-7D0E-4F80-93CF-50F57D5A42F6}.Debug|x64.ActiveCfg = Debug|Win32
		{22D061B7-7D0E-4F80-93CF-50F57D5A42F6}.Release|ARM.ActiveCfg = Release|ARM
		{22D061B7-7D0E-4F80-93CF-50F57D5A42F6}.Release|ARM.Build.0 = Release|ARM
		{22D061B7-7D0E-4F80-93CF-50F57D5A42F6}.Release|Win32.ActiveCfg = Release|Win32
		{22D061B7-7D0E-4F80-93CF-50F57D5A42F6}.Release|Win32.Build.0 = Release|Win32
		{22D061B7-7D0E-4F80-93CF-50F57D5A42F6}.Release|x64.ActiveCfg = Release|Win32
		{17A91160-0BC8-4787-8026-3D86B8240A21}.Debug|ARM.ActiveCfg = Debug|ARM
		{17A91160-0BC8-4787-8026-3D86B8240A21}.Debug|ARM.Build.0 = Debug|ARM
		{17A91160-0BC8-4787-8026-3D86B8240A21}.Debug|Win32.ActiveCfg = Debug|Win32
		{17A91160-0BC8-4787-8026-3D86B8240A21}.Debug|Win32.Build.0 = Debug|Win32
		{17A91160-0BC8-4787-8026-3D86B8240A21}.Debug|x64.ActiveCfg = Debug|Win32
		{17A91160-0BC8-4787-8026-3D86B8240A21}.Release|ARM.ActiveCfg = Release|ARM
		{17A91160-0BC8-4787-8026-3D86B8240A21}.Release|ARM.Build.0 = Release|ARM
		{17A91160-0BC8-4787-8026-3D86B8240A21}.Release|Win32.ActiveCfg = Release|Win32
		{17A91160-0BC8-4787-8026-3D86B8240A21}.Release|Win32.Build.0 = Release|Win32
		{17A91160-0BC8-4787-8026-3D86B8240A21}.Release|x64.ActiveCfg = Release|Win32
		{79FC91D4-974C-4BC7-8E8C-79E194437DE7}.Debug|ARM.ActiveCfg = Debug|ARM
		{79FC91D4-974C-4BC7-8E8C-79E194437DE7}.Debug|ARM.Build.0 = Debug|ARM
		{79FC91D4-974C-4BC7-8E8C-79E194437DE7}.Debug|Win32.ActiveCfg = Debug|Win32
		{79FC91D4-974C-4BC7-8E8C-79E194437DE7}.Debug|Win32.Build.0 = Debug|Win32
		{79FC91D4-974C-4BC7-8E8C-79E194437DE7}.Debug|x64.ActiveCfg = Debug|x64
		{79FC91D4-974C-4BC7-8E8C-79E194437DE7}.Debug|x64.Build.0 = Debug|x64
		{79FC91D4-974C-4BC7-8E8C-79E194437DE7}.Release|ARM.ActiveCfg = Release|ARM
		{79FC91D4-974C-4BC7-8E8C-79E194437DE7}.Release|ARM.Build.0 = Release|ARM
		{79FC91D4-974C-4BC7-8E8C-79E194437DE7}.Release|Win32.ActiveCfg = Release|Win32
		{79FC91D4-974C-4BC7-8E8C-79E194437DE7}.Release|Win32.Build.0 = Release|Win32
		{79FC91D4-974C-4BC7-8E8C-79E194437DE7}.Release|x64.ActiveCfg = Release|x64
		{79FC91D4-974C-4BC7-8E8C-79E194437DE7}.Release|x64.Build.0 = Release|x64
		{3AD76EA1-D698-40D2-B04D-D9AB8171F40B}.Debug|ARM.ActiveCfg = Debug|ARM
		{3AD76EA1-D698-40D2-B04D-D9AB8171F40B}.Debug|ARM.Build.0 = Debug|ARM
		{3AD76EA1-D698-40D2-B04D-D9AB8171F40B}.Debug|Win32.ActiveCfg = Debug|Win32
		{3AD76EA1-D698-40D2-B04D-D9AB8171F40B}.Debug|Win32.Build.0 = Debug|Win32
		{3AD76EA1-D698-40D2-B04D-D9AB8171F40B}.Debug|x64.ActiveCfg = Debug|x64
		{3AD76EA1-D698-40D2-B04D-D9AB8171F40B}.Debug|x64.Build.0 = Debug|x64
		{3AD76EA1-D698-40D2-B04D-D9AB8171F40B}.Release|ARM.ActiveCfg = Release|ARM
		{3AD76EA1-D698-40D2-B04D-D9AB8171F40B}.Release|ARM.Build.0 = Release|ARM
		{3AD76EA1-D698-40D2-B04D-D9AB8171F40B}.Release|Win32.ActiveCfg = Release|Win32
		{3AD76EA1-D698-40D2-B04D-D9AB8171F40B}.Release|Win32.Build.0 = Release|Win32
		{3AD76EA1-D698-40D2-B04D-D9AB8171F40B}.Release|x64.ActiveCfg = Release|x64
		{3AD76EA1-D698-40D2-B04D-D9AB8171F40B}.Release|x64.Build.0 = Release|x64
		{A5CE59F9-2785-4E08-BD3C-0F370EECA439}.Debug|ARM.ActiveCfg = Debug|ARM
		{A5CE59F9-2785-4E08-BD3C-0F370EECA439}.Debug|ARM.Build.0 = Debug|ARM
		{A5CE59F9-2785-4E08-BD3C-0F370EECA439}.Debug|Win32.ActiveCfg = Debug|Win32
		{A5CE59F9-2785-4E08-BD3C-0F370EECA439}.Debug|Win32.Build.0 = Debug|Win32
		{A5CE59F9-2785-4E08-BD3C-0F370EECA439}.Debug|x64.ActiveCfg = Debug|Win32
		{A5CE59F9-2785-4E08-BD3C-0F370EECA439}.Release|ARM.ActiveCfg = Release|ARM
		{A5CE59F9-2785-4E08-BD3C-0F370EECA439}.Release|ARM.Build.0 = Release|ARM
		{A5CE59F9-2785-4E08-BD3C-0F370EECA439}.Release|Win32.ActiveCfg = Release|Win32
		{A5CE59F9-2785-4E08-BD3C-0F370EECA439}.Release|Win32.Build.0 = Release|Win32
		{A5CE59F9-2785-4E08-BD3C-0F370EECA439}.Release|x64.ActiveCfg = Release|Win32
		{2AC777CA-2D3B-41C8-98AC-B6ED1A4B0988}.Debug|ARM.ActiveCfg = Debug|ARM
		{2AC777CA-2D3B-41C8-98AC-B6ED1A4B0988}.Debug|ARM.Build.0 = Debug|ARM
		{2AC777CA-2D3B-41C8-98AC-B6ED1A4B0988}.Debug|ARM.Deploy.0 = Debug|ARM
		{2AC777CA-2D3B-41C8-98AC-B6ED1A4B0988}.Debug|Win32.ActiveCfg = Debug|Win32
		{2AC777CA-2D3B-41C8-98AC-B6ED1A4B0988}.Debug|Win32.Build.0 = Debug|Win32
		{2AC777CA-2D3B-41C8-98AC-B6ED1A4B0988}.Debug|Win32.Deploy.0 = Debug|Win32
		{2AC777CA-2D3B-41C8-98AC-B6ED1A4B0988}.Debug|x64.ActiveCfg = Debug|Win32
		{2AC777CA-2D3B-41C8-98AC-B6ED1A4B0988}.Release|ARM.ActiveCfg = Release|ARM
		{2AC777CA-2D3B-41C8-98AC-B6ED1A4B0988}.Release|ARM.Build.0 = Release|ARM
		{2AC777CA-2D3B-41C8-98AC-B6ED1A4B0988}.Release|ARM.Deploy.0 = Release|ARM
		{2AC777CA-2D3B-41C8-98AC-B6ED1A4B0988}.Release|Win32.ActiveCfg = Release|Win32
		{2AC777CA-2D3B-41C8-98AC-B6ED1A4B0988}.Release|Win32.Build.0 = Release|Win32
		{2AC777CA-2D3B-41C8-98AC-B6ED1A4B0988}.Release|Win32.Deploy.0 = Release|Win32
		{2AC777CA-2D3B-41C8-98AC-B6ED1A4B0988}.Release|x64.ActiveCfg = Release|Win32
	EndGlobalSection
	GlobalSection(SolutionProperties) = preSolution
		HideSolutionNode = FALSE
	EndGlobalSection
	GlobalSection(NestedProjects) = preSolution
		{17A91160-0BC8-4787-8026-3D86B8240A21} = {9DDB9F57-4007-4C60-B463-4EFC4C60F0FF}
		{79FC91D4-974C-4BC7-8E8C-79E194437DE7} = {9DDB9F57-4007-4C60-B463-4EFC4C60F0FF}
		{3AD76EA1-D698-40D2-B04D-D9AB8171F40B} = {9DDB9F57-4007-4C60-B463-4EFC4C60F0FF}
		{A5CE59F9-2785-4E08-BD3C-0F370EECA439} = {9DDB9F57-4007-4C60-B463-4EFC4C60F0FF}
		{22D061B7-7D0E-4F80-93CF-50F57D5A42F6} = {9DDB9F57-4007-4C60-B463-4EFC4C60F0FF}
		{2AC777CA-2D3B-41C8-98AC-B6ED1A4B0988} = {D2A69AE8-35C6-4F2E-B67C-F59260602C88}
	EndGlobalSection
EndGlobal
